
Microsoft Visual Studio Solution File, Format Version 12.00
# Visual Studio 15
VisualStudioVersion = 15.0.27428.2037
MinimumVisualStudioVersion = 10.0.40219.1
Project("{FAE04EC0-301F-11D3-BF4B-00C04F79EFBC}") = "ClassesExercicio3", "ClassesExercicio3\ClassesExercicio3.csproj", "{7608342E-9DB5-46F3-A6D4-D1014787272B}"
EndProject
Global
	GlobalSection(SolutionConfigurationPlatforms) = preSolution
		Debug|Any CPU = Debug|Any CPU
		Release|Any CPU = Release|Any CPU
	EndGlobalSection
	GlobalSection(ProjectConfigurationPlatforms) = postSolution
		{7608342E-9DB5-46F3-A6D4-D1014787272B}.Debug|Any CPU.ActiveCfg = Debug|Any CPU
		{7608342E-9DB5-46F3-A6D4-D1014787272B}.Debug|Any CPU.Build.0 = Debug|Any CPU
		{7608342E-9DB5-46F3-A6D4-D1014787272B}.Release|Any CPU.ActiveCfg = Release|Any CPU
		{7608342E-9DB5-46F3-A6D4-D1014787272B}.Release|Any CPU.Build.0 = Release|Any CPU
	EndGlobalSection
	GlobalSection(SolutionProperties) = preSolution
		HideSolutionNode = FALSE
	EndGlobalSection
	GlobalSection(ExtensibilityGlobals) = postSolution
		SolutionGuid = {D5FC3EC0-3057-47E3-92D1-927740F1F588}
	EndGlobalSection
EndGlobal
